
Microsoft Visual Studio Solution File, Format Version 12.00
# Visual Studio Version 16
VisualStudioVersion = 16.0.30804.86
MinimumVisualStudioVersion = 10.0.40219.1
Project("{2150E333-8FDC-42A3-9474-1A3956D46DE8}") = "Creational", "Creational", "{7A14E500-0B6A-420F-BF7D-DF87EE5D98E4}"
EndProject
Project("{2150E333-8FDC-42A3-9474-1A3956D46DE8}") = "Behavioral", "Behavioral", "{05B84D32-95A3-4656-B61E-A5023842D757}"
EndProject
Project("{2150E333-8FDC-42A3-9474-1A3956D46DE8}") = "Structural", "Structural", "{9E4BF1B1-0A2D-498C-A087-D43D51DC84A5}"
EndProject
Project("{9A19103F-16F7-4668-BE54-9A1E7A4F7556}") = "Strategy", "DesignPatterns\Bahavioral\Strategy\Strategy.csproj", "{9D6D068D-8B29-4A61-BDD0-4079A246EB4A}"
EndProject
Project("{FAE04EC0-301F-11D3-BF4B-00C04F79EFBC}") = "Decorator", "DesignPatterns\Structural\Decorator\Decorator.csproj", "{7ED77338-7918-41AF-8E3F-945CC62A0DEA}"
EndProject
Project("{9A19103F-16F7-4668-BE54-9A1E7A4F7556}") = "Observer", "DesignPatterns\Bahavioral\Observer\Observer.csproj", "{39393850-E478-45F4-9A00-162A12960305}"
EndProject
Project("{FAE04EC0-301F-11D3-BF4B-00C04F79EFBC}") = "FactoryMethod", "DesignPatterns\Creational\FactoryMethod\FactoryMethod.csproj", "{F3A7C339-6994-4518-9BC0-9CF876A077A7}"
EndProject
Project("{FAE04EC0-301F-11D3-BF4B-00C04F79EFBC}") = "SimpleFactory", "DesignPatterns\Creational\SimpleFactory\SimpleFactory.csproj", "{4AABF26E-0C05-4174-8238-7D174F54AA08}"
EndProject
Global
	GlobalSection(SolutionConfigurationPlatforms) = preSolution
		Debug|Any CPU = Debug|Any CPU
		Release|Any CPU = Release|Any CPU
	EndGlobalSection
	GlobalSection(ProjectConfigurationPlatforms) = postSolution
		{9D6D068D-8B29-4A61-BDD0-4079A246EB4A}.Debug|Any CPU.ActiveCfg = Debug|Any CPU
		{9D6D068D-8B29-4A61-BDD0-4079A246EB4A}.Debug|Any CPU.Build.0 = Debug|Any CPU
		{9D6D068D-8B29-4A61-BDD0-4079A246EB4A}.Release|Any CPU.ActiveCfg = Release|Any CPU
		{9D6D068D-8B29-4A61-BDD0-4079A246EB4A}.Release|Any CPU.Build.0 = Release|Any CPU
		{7ED77338-7918-41AF-8E3F-945CC62A0DEA}.Debug|Any CPU.ActiveCfg = Debug|Any CPU
		{7ED77338-7918-41AF-8E3F-945CC62A0DEA}.Debug|Any CPU.Build.0 = Debug|Any CPU
		{7ED77338-7918-41AF-8E3F-945CC62A0DEA}.Release|Any CPU.ActiveCfg = Release|Any CPU
		{7ED77338-7918-41AF-8E3F-945CC62A0DEA}.Release|Any CPU.Build.0 = Release|Any CPU
		{39393850-E478-45F4-9A00-162A12960305}.Debug|Any CPU.ActiveCfg = Debug|Any CPU
		{39393850-E478-45F4-9A00-162A12960305}.Debug|Any CPU.Build.0 = Debug|Any CPU
		{39393850-E478-45F4-9A00-162A12960305}.Release|Any CPU.ActiveCfg = Release|Any CPU
		{39393850-E478-45F4-9A00-162A12960305}.Release|Any CPU.Build.0 = Release|Any CPU
		{F3A7C339-6994-4518-9BC0-9CF876A077A7}.Debug|Any CPU.ActiveCfg = Debug|Any CPU
		{F3A7C339-6994-4518-9BC0-9CF876A077A7}.Debug|Any CPU.Build.0 = Debug|Any CPU
		{F3A7C339-6994-4518-9BC0-9CF876A077A7}.Release|Any CPU.ActiveCfg = Release|Any CPU
		{F3A7C339-6994-4518-9BC0-9CF876A077A7}.Release|Any CPU.Build.0 = Release|Any CPU
		{4AABF26E-0C05-4174-8238-7D174F54AA08}.Debug|Any CPU.ActiveCfg = Debug|Any CPU
		{4AABF26E-0C05-4174-8238-7D174F54AA08}.Debug|Any CPU.Build.0 = Debug|Any CPU
		{4AABF26E-0C05-4174-8238-7D174F54AA08}.Release|Any CPU.ActiveCfg = Release|Any CPU
		{4AABF26E-0C05-4174-8238-7D174F54AA08}.Release|Any CPU.Build.0 = Release|Any CPU
	EndGlobalSection
	GlobalSection(SolutionProperties) = preSolution
		HideSolutionNode = FALSE
	EndGlobalSection
	GlobalSection(NestedProjects) = preSolution
		{9D6D068D-8B29-4A61-BDD0-4079A246EB4A} = {05B84D32-95A3-4656-B61E-A5023842D757}
		{7ED77338-7918-41AF-8E3F-945CC62A0DEA} = {9E4BF1B1-0A2D-498C-A087-D43D51DC84A5}
		{39393850-E478-45F4-9A00-162A12960305} = {05B84D32-95A3-4656-B61E-A5023842D757}
		{F3A7C339-6994-4518-9BC0-9CF876A077A7} = {7A14E500-0B6A-420F-BF7D-DF87EE5D98E4}
		{4AABF26E-0C05-4174-8238-7D174F54AA08} = {7A14E500-0B6A-420F-BF7D-DF87EE5D98E4}
	EndGlobalSection
	GlobalSection(ExtensibilityGlobals) = postSolution
		SolutionGuid = {AA8EAEC6-9F00-4186-B2B7-DE2B0E7597A2}
	EndGlobalSection
EndGlobal
